// !$*UTF8*$!
{
	archiveVersion = 1;
	classes = {
	};
	objectVersion = 46;
	objects = {

/* Begin PBXBuildFile section */
		1A809D54185C9D8B009814E3 /* Parse.framework in Frameworks */ = {isa = PBXBuildFile; fileRef = 1A809D53185C9D8B009814E3 /* Parse.framework */; };
		1A809D56185C9DA4009814E3 /* AudioToolbox.framework in Frameworks */ = {isa = PBXBuildFile; fileRef = 1A809D55185C9DA4009814E3 /* AudioToolbox.framework */; };
		1A809D58185C9DA9009814E3 /* CFNetwork.framework in Frameworks */ = {isa = PBXBuildFile; fileRef = 1A809D57185C9DA9009814E3 /* CFNetwork.framework */; };
		1A809D5A185C9DB8009814E3 /* CoreLocation.framework in Frameworks */ = {isa = PBXBuildFile; fileRef = 1A809D59185C9DB8009814E3 /* CoreLocation.framework */; };
		1A809D5C185C9DBD009814E3 /* libz.1.1.3.dylib in Frameworks */ = {isa = PBXBuildFile; fileRef = 1A809D5B185C9DBD009814E3 /* libz.1.1.3.dylib */; };
		1A809D5E185C9DC4009814E3 /* MobileCoreServices.framework in Frameworks */ = {isa = PBXBuildFile; fileRef = 1A809D5D185C9DC4009814E3 /* MobileCoreServices.framework */; };
		1A809D60185C9DC9009814E3 /* QuartzCore.framework in Frameworks */ = {isa = PBXBuildFile; fileRef = 1A809D5F185C9DC9009814E3 /* QuartzCore.framework */; };
		1A809D62185C9DD0009814E3 /* Security.framework in Frameworks */ = {isa = PBXBuildFile; fileRef = 1A809D61185C9DD0009814E3 /* Security.framework */; };
		1A809D64185C9DD5009814E3 /* StoreKit.framework in Frameworks */ = {isa = PBXBuildFile; fileRef = 1A809D63185C9DD5009814E3 /* StoreKit.framework */; };
		1A809D66185C9DDC009814E3 /* SystemConfiguration.framework in Frameworks */ = {isa = PBXBuildFile; fileRef = 1A809D65185C9DDC009814E3 /* SystemConfiguration.framework */; };
		55C0B045185C7B3A006D3214 /* Foundation.framework in Frameworks */ = {isa = PBXBuildFile; fileRef = 55C0B044185C7B3A006D3214 /* Foundation.framework */; };
		55C0B047185C7B3A006D3214 /* CoreGraphics.framework in Frameworks */ = {isa = PBXBuildFile; fileRef = 55C0B046185C7B3A006D3214 /* CoreGraphics.framework */; };
		55C0B049185C7B3A006D3214 /* UIKit.framework in Frameworks */ = {isa = PBXBuildFile; fileRef = 55C0B048185C7B3A006D3214 /* UIKit.framework */; };
		55C0B04F185C7B3A006D3214 /* InfoPlist.strings in Resources */ = {isa = PBXBuildFile; fileRef = 55C0B04D185C7B3A006D3214 /* InfoPlist.strings */; };
		55C0B051185C7B3A006D3214 /* main.m in Sources */ = {isa = PBXBuildFile; fileRef = 55C0B050185C7B3A006D3214 /* main.m */; };
		55C0B055185C7B3A006D3214 /* AppDelegate.m in Sources */ = {isa = PBXBuildFile; fileRef = 55C0B054185C7B3A006D3214 /* AppDelegate.m */; };
		55C0B058185C7B3A006D3214 /* Main.storyboard in Resources */ = {isa = PBXBuildFile; fileRef = 55C0B056185C7B3A006D3214 /* Main.storyboard */; };
		55C0B05B185C7B3B006D3214 /* ViewController.m in Sources */ = {isa = PBXBuildFile; fileRef = 55C0B05A185C7B3B006D3214 /* ViewController.m */; };
		55C0B05D185C7B3B006D3214 /* Images.xcassets in Resources */ = {isa = PBXBuildFile; fileRef = 55C0B05C185C7B3B006D3214 /* Images.xcassets */; };
		55C0B064185C7B3B006D3214 /* XCTest.framework in Frameworks */ = {isa = PBXBuildFile; fileRef = 55C0B063185C7B3B006D3214 /* XCTest.framework */; };
		55C0B065185C7B3B006D3214 /* Foundation.framework in Frameworks */ = {isa = PBXBuildFile; fileRef = 55C0B044185C7B3A006D3214 /* Foundation.framework */; };
		55C0B066185C7B3B006D3214 /* UIKit.framework in Frameworks */ = {isa = PBXBuildFile; fileRef = 55C0B048185C7B3A006D3214 /* UIKit.framework */; };
		55C0B06E185C7B3B006D3214 /* InfoPlist.strings in Resources */ = {isa = PBXBuildFile; fileRef = 55C0B06C185C7B3B006D3214 /* InfoPlist.strings */; };
		55C0B070185C7B3B006D3214 /* GiftHuntersTests.m in Sources */ = {isa = PBXBuildFile; fileRef = 55C0B06F185C7B3B006D3214 /* GiftHuntersTests.m */; };
		55C0B07F185C859C006D3214 /* GiftView.m in Sources */ = {isa = PBXBuildFile; fileRef = 55C0B07E185C859C006D3214 /* GiftView.m */; };
		55C0B081185C85AC006D3214 /* GiftView.xib in Resources */ = {isa = PBXBuildFile; fileRef = 55C0B080185C85AC006D3214 /* GiftView.xib */; };
		A92041A2185C8C9E00EA1205 /* FacebookSDK.framework in Frameworks */ = {isa = PBXBuildFile; fileRef = A920419F185C8C8F00EA1205 /* FacebookSDK.framework */; };
		A92041A3185C8CAC00EA1205 /* libEstimoteSDK.a in Frameworks */ = {isa = PBXBuildFile; fileRef = A920419E185C8C8F00EA1205 /* libEstimoteSDK.a */; };
/* End PBXBuildFile section */

/* Begin PBXContainerItemProxy section */
		55C0B067185C7B3B006D3214 /* PBXContainerItemProxy */ = {
			isa = PBXContainerItemProxy;
			containerPortal = 55C0B039185C7B3A006D3214 /* Project object */;
			proxyType = 1;
			remoteGlobalIDString = 55C0B040185C7B3A006D3214;
			remoteInfo = GiftHunters;
		};
/* End PBXContainerItemProxy section */

/* Begin PBXFileReference section */
		1A809D53185C9D8B009814E3 /* Parse.framework */ = {isa = PBXFileReference; lastKnownFileType = wrapper.framework; path = Parse.framework; sourceTree = "<group>"; };
		1A809D55185C9DA4009814E3 /* AudioToolbox.framework */ = {isa = PBXFileReference; lastKnownFileType = wrapper.framework; name = AudioToolbox.framework; path = System/Library/Frameworks/AudioToolbox.framework; sourceTree = SDKROOT; };
		1A809D57185C9DA9009814E3 /* CFNetwork.framework */ = {isa = PBXFileReference; lastKnownFileType = wrapper.framework; name = CFNetwork.framework; path = System/Library/Frameworks/CFNetwork.framework; sourceTree = SDKROOT; };
		1A809D59185C9DB8009814E3 /* CoreLocation.framework */ = {isa = PBXFileReference; lastKnownFileType = wrapper.framework; name = CoreLocation.framework; path = System/Library/Frameworks/CoreLocation.framework; sourceTree = SDKROOT; };
		1A809D5B185C9DBD009814E3 /* libz.1.1.3.dylib */ = {isa = PBXFileReference; lastKnownFileType = "compiled.mach-o.dylib"; name = libz.1.1.3.dylib; path = usr/lib/libz.1.1.3.dylib; sourceTree = SDKROOT; };
		1A809D5D185C9DC4009814E3 /* MobileCoreServices.framework */ = {isa = PBXFileReference; lastKnownFileType = wrapper.framework; name = MobileCoreServices.framework; path = System/Library/Frameworks/MobileCoreServices.framework; sourceTree = SDKROOT; };
		1A809D5F185C9DC9009814E3 /* QuartzCore.framework */ = {isa = PBXFileReference; lastKnownFileType = wrapper.framework; name = QuartzCore.framework; path = System/Library/Frameworks/QuartzCore.framework; sourceTree = SDKROOT; };
		1A809D61185C9DD0009814E3 /* Security.framework */ = {isa = PBXFileReference; lastKnownFileType = wrapper.framework; name = Security.framework; path = System/Library/Frameworks/Security.framework; sourceTree = SDKROOT; };
		1A809D63185C9DD5009814E3 /* StoreKit.framework */ = {isa = PBXFileReference; lastKnownFileType = wrapper.framework; name = StoreKit.framework; path = System/Library/Frameworks/StoreKit.framework; sourceTree = SDKROOT; };
		1A809D65185C9DDC009814E3 /* SystemConfiguration.framework */ = {isa = PBXFileReference; lastKnownFileType = wrapper.framework; name = SystemConfiguration.framework; path = System/Library/Frameworks/SystemConfiguration.framework; sourceTree = SDKROOT; };
		55C0B041185C7B3A006D3214 /* GiftHunters.app */ = {isa = PBXFileReference; explicitFileType = wrapper.application; includeInIndex = 0; path = GiftHunters.app; sourceTree = BUILT_PRODUCTS_DIR; };
		55C0B044185C7B3A006D3214 /* Foundation.framework */ = {isa = PBXFileReference; lastKnownFileType = wrapper.framework; name = Foundation.framework; path = System/Library/Frameworks/Foundation.framework; sourceTree = SDKROOT; };
		55C0B046185C7B3A006D3214 /* CoreGraphics.framework */ = {isa = PBXFileReference; lastKnownFileType = wrapper.framework; name = CoreGraphics.framework; path = System/Library/Frameworks/CoreGraphics.framework; sourceTree = SDKROOT; };
		55C0B048185C7B3A006D3214 /* UIKit.framework */ = {isa = PBXFileReference; lastKnownFileType = wrapper.framework; name = UIKit.framework; path = System/Library/Frameworks/UIKit.framework; sourceTree = SDKROOT; };
		55C0B04C185C7B3A006D3214 /* GiftHunters-Info.plist */ = {isa = PBXFileReference; lastKnownFileType = text.plist.xml; path = "GiftHunters-Info.plist"; sourceTree = "<group>"; };
		55C0B04E185C7B3A006D3214 /* en */ = {isa = PBXFileReference; lastKnownFileType = text.plist.strings; name = en; path = en.lproj/InfoPlist.strings; sourceTree = "<group>"; };
		55C0B050185C7B3A006D3214 /* main.m */ = {isa = PBXFileReference; lastKnownFileType = sourcecode.c.objc; path = main.m; sourceTree = "<group>"; };
		55C0B052185C7B3A006D3214 /* GiftHunters-Prefix.pch */ = {isa = PBXFileReference; lastKnownFileType = sourcecode.c.h; path = "GiftHunters-Prefix.pch"; sourceTree = "<group>"; };
		55C0B053185C7B3A006D3214 /* AppDelegate.h */ = {isa = PBXFileReference; lastKnownFileType = sourcecode.c.h; path = AppDelegate.h; sourceTree = "<group>"; };
		55C0B054185C7B3A006D3214 /* AppDelegate.m */ = {isa = PBXFileReference; lastKnownFileType = sourcecode.c.objc; path = AppDelegate.m; sourceTree = "<group>"; };
		55C0B057185C7B3A006D3214 /* Base */ = {isa = PBXFileReference; lastKnownFileType = file.storyboard; name = Base; path = Base.lproj/Main.storyboard; sourceTree = "<group>"; };
		55C0B059185C7B3A006D3214 /* ViewController.h */ = {isa = PBXFileReference; lastKnownFileType = sourcecode.c.h; path = ViewController.h; sourceTree = "<group>"; };
		55C0B05A185C7B3B006D3214 /* ViewController.m */ = {isa = PBXFileReference; lastKnownFileType = sourcecode.c.objc; path = ViewController.m; sourceTree = "<group>"; };
		55C0B05C185C7B3B006D3214 /* Images.xcassets */ = {isa = PBXFileReference; lastKnownFileType = folder.assetcatalog; path = Images.xcassets; sourceTree = "<group>"; };
		55C0B062185C7B3B006D3214 /* GiftHuntersTests.xctest */ = {isa = PBXFileReference; explicitFileType = wrapper.cfbundle; includeInIndex = 0; path = GiftHuntersTests.xctest; sourceTree = BUILT_PRODUCTS_DIR; };
		55C0B063185C7B3B006D3214 /* XCTest.framework */ = {isa = PBXFileReference; lastKnownFileType = wrapper.framework; name = XCTest.framework; path = Library/Frameworks/XCTest.framework; sourceTree = DEVELOPER_DIR; };
		55C0B06B185C7B3B006D3214 /* GiftHuntersTests-Info.plist */ = {isa = PBXFileReference; lastKnownFileType = text.plist.xml; path = "GiftHuntersTests-Info.plist"; sourceTree = "<group>"; };
		55C0B06D185C7B3B006D3214 /* en */ = {isa = PBXFileReference; lastKnownFileType = text.plist.strings; name = en; path = en.lproj/InfoPlist.strings; sourceTree = "<group>"; };
		55C0B06F185C7B3B006D3214 /* GiftHuntersTests.m */ = {isa = PBXFileReference; lastKnownFileType = sourcecode.c.objc; path = GiftHuntersTests.m; sourceTree = "<group>"; };
		55C0B07D185C859C006D3214 /* GiftView.h */ = {isa = PBXFileReference; fileEncoding = 4; lastKnownFileType = sourcecode.c.h; path = GiftView.h; sourceTree = "<group>"; };
		55C0B07E185C859C006D3214 /* GiftView.m */ = {isa = PBXFileReference; fileEncoding = 4; lastKnownFileType = sourcecode.c.objc; path = GiftView.m; sourceTree = "<group>"; };
		55C0B080185C85AC006D3214 /* GiftView.xib */ = {isa = PBXFileReference; fileEncoding = 4; lastKnownFileType = file.xib; path = GiftView.xib; sourceTree = "<group>"; };
		A9204199185C8C8F00EA1205 /* ESTBeacon.h */ = {isa = PBXFileReference; fileEncoding = 4; lastKnownFileType = sourcecode.c.h; path = ESTBeacon.h; sourceTree = "<group>"; };
		A920419A185C8C8F00EA1205 /* ESTBeaconDefinitions.h */ = {isa = PBXFileReference; fileEncoding = 4; lastKnownFileType = sourcecode.c.h; path = ESTBeaconDefinitions.h; sourceTree = "<group>"; };
		A920419B185C8C8F00EA1205 /* ESTBeaconManager.h */ = {isa = PBXFileReference; fileEncoding = 4; lastKnownFileType = sourcecode.c.h; path = ESTBeaconManager.h; sourceTree = "<group>"; };
		A920419C185C8C8F00EA1205 /* ESTBeaconRegion.h */ = {isa = PBXFileReference; fileEncoding = 4; lastKnownFileType = sourcecode.c.h; path = ESTBeaconRegion.h; sourceTree = "<group>"; };
		A920419D185C8C8F00EA1205 /* ESTBeaconUpdateInfo.h */ = {isa = PBXFileReference; fileEncoding = 4; lastKnownFileType = sourcecode.c.h; path = ESTBeaconUpdateInfo.h; sourceTree = "<group>"; };
		A920419E185C8C8F00EA1205 /* libEstimoteSDK.a */ = {isa = PBXFileReference; lastKnownFileType = archive.ar; name = libEstimoteSDK.a; path = EstimoteSDK/libEstimoteSDK.a; sourceTree = "<group>"; };
		A920419F185C8C8F00EA1205 /* FacebookSDK.framework */ = {isa = PBXFileReference; lastKnownFileType = wrapper.framework; path = FacebookSDK.framework; sourceTree = "<group>"; };
		A9FF82F3185C9466008B47FA /* costants.h */ = {isa = PBXFileReference; lastKnownFileType = sourcecode.c.h; path = costants.h; sourceTree = "<group>"; };
/* End PBXFileReference section */

/* Begin PBXFrameworksBuildPhase section */
		55C0B03E185C7B3A006D3214 /* Frameworks */ = {
			isa = PBXFrameworksBuildPhase;
			buildActionMask = 2147483647;
			files = (
				1A809D66185C9DDC009814E3 /* SystemConfiguration.framework in Frameworks */,
				1A809D64185C9DD5009814E3 /* StoreKit.framework in Frameworks */,
				1A809D62185C9DD0009814E3 /* Security.framework in Frameworks */,
				1A809D60185C9DC9009814E3 /* QuartzCore.framework in Frameworks */,
				1A809D5E185C9DC4009814E3 /* MobileCoreServices.framework in Frameworks */,
				1A809D5C185C9DBD009814E3 /* libz.1.1.3.dylib in Frameworks */,
				1A809D5A185C9DB8009814E3 /* CoreLocation.framework in Frameworks */,
				55C0B047185C7B3A006D3214 /* CoreGraphics.framework in Frameworks */,
				1A809D58185C9DA9009814E3 /* CFNetwork.framework in Frameworks */,
				1A809D56185C9DA4009814E3 /* AudioToolbox.framework in Frameworks */,
				A92041A3185C8CAC00EA1205 /* libEstimoteSDK.a in Frameworks */,
				A92041A2185C8C9E00EA1205 /* FacebookSDK.framework in Frameworks */,
				55C0B049185C7B3A006D3214 /* UIKit.framework in Frameworks */,
				1A809D54185C9D8B009814E3 /* Parse.framework in Frameworks */,
				55C0B045185C7B3A006D3214 /* Foundation.framework in Frameworks */,
			);
			runOnlyForDeploymentPostprocessing = 0;
		};
		55C0B05F185C7B3B006D3214 /* Frameworks */ = {
			isa = PBXFrameworksBuildPhase;
			buildActionMask = 2147483647;
			files = (
				55C0B064185C7B3B006D3214 /* XCTest.framework in Frameworks */,
				55C0B066185C7B3B006D3214 /* UIKit.framework in Frameworks */,
				55C0B065185C7B3B006D3214 /* Foundation.framework in Frameworks */,
			);
			runOnlyForDeploymentPostprocessing = 0;
		};
/* End PBXFrameworksBuildPhase section */

/* Begin PBXGroup section */
		55C0B038185C7B3A006D3214 = {
			isa = PBXGroup;
			children = (
				55C0B04A185C7B3A006D3214 /* GiftHunters */,
				55C0B069185C7B3B006D3214 /* GiftHuntersTests */,
				55C0B043185C7B3A006D3214 /* Frameworks */,
				55C0B042185C7B3A006D3214 /* Products */,
			);
			sourceTree = "<group>";
		};
		55C0B042185C7B3A006D3214 /* Products */ = {
			isa = PBXGroup;
			children = (
				55C0B041185C7B3A006D3214 /* GiftHunters.app */,
				55C0B062185C7B3B006D3214 /* GiftHuntersTests.xctest */,
			);
			name = Products;
			sourceTree = "<group>";
		};
		55C0B043185C7B3A006D3214 /* Frameworks */ = {
			isa = PBXGroup;
			children = (
				A9204198185C8C8F00EA1205 /* Headers */,
				A920419E185C8C8F00EA1205 /* libEstimoteSDK.a */,
				1A809D65185C9DDC009814E3 /* SystemConfiguration.framework */,
				1A809D63185C9DD5009814E3 /* StoreKit.framework */,
				1A809D61185C9DD0009814E3 /* Security.framework */,
				1A809D5F185C9DC9009814E3 /* QuartzCore.framework */,
				1A809D5D185C9DC4009814E3 /* MobileCoreServices.framework */,
				1A809D5B185C9DBD009814E3 /* libz.1.1.3.dylib */,
				1A809D59185C9DB8009814E3 /* CoreLocation.framework */,
				1A809D57185C9DA9009814E3 /* CFNetwork.framework */,
				1A809D55185C9DA4009814E3 /* AudioToolbox.framework */,
				1A809D53185C9D8B009814E3 /* Parse.framework */,
				A920419F185C8C8F00EA1205 /* FacebookSDK.framework */,
				55C0B044185C7B3A006D3214 /* Foundation.framework */,
				55C0B046185C7B3A006D3214 /* CoreGraphics.framework */,
				55C0B048185C7B3A006D3214 /* UIKit.framework */,
				55C0B063185C7B3B006D3214 /* XCTest.framework */,
			);
			name = Frameworks;
			sourceTree = "<group>";
		};
		55C0B04A185C7B3A006D3214 /* GiftHunters */ = {
			isa = PBXGroup;
			children = (
				55C0B053185C7B3A006D3214 /* AppDelegate.h */,
				55C0B054185C7B3A006D3214 /* AppDelegate.m */,
				55C0B056185C7B3A006D3214 /* Main.storyboard */,
				55C0B07D185C859C006D3214 /* GiftView.h */,
				55C0B07E185C859C006D3214 /* GiftView.m */,
				55C0B080185C85AC006D3214 /* GiftView.xib */,
				55C0B059185C7B3A006D3214 /* ViewController.h */,
				55C0B05A185C7B3B006D3214 /* ViewController.m */,
				55C0B05C185C7B3B006D3214 /* Images.xcassets */,
				55C0B04B185C7B3A006D3214 /* Supporting Files */,
			);
			path = GiftHunters;
			sourceTree = "<group>";
		};
		55C0B04B185C7B3A006D3214 /* Supporting Files */ = {
			isa = PBXGroup;
			children = (
				55C0B04C185C7B3A006D3214 /* GiftHunters-Info.plist */,
				55C0B04D185C7B3A006D3214 /* InfoPlist.strings */,
				55C0B050185C7B3A006D3214 /* main.m */,
				55C0B052185C7B3A006D3214 /* GiftHunters-Prefix.pch */,
				A9FF82F3185C9466008B47FA /* costants.h */,
			);
			name = "Supporting Files";
			sourceTree = "<group>";
		};
		55C0B069185C7B3B006D3214 /* GiftHuntersTests */ = {
			isa = PBXGroup;
			children = (
				55C0B06F185C7B3B006D3214 /* GiftHuntersTests.m */,
				55C0B06A185C7B3B006D3214 /* Supporting Files */,
			);
			path = GiftHuntersTests;
			sourceTree = "<group>";
		};
		55C0B06A185C7B3B006D3214 /* Supporting Files */ = {
			isa = PBXGroup;
			children = (
				55C0B06B185C7B3B006D3214 /* GiftHuntersTests-Info.plist */,
				55C0B06C185C7B3B006D3214 /* InfoPlist.strings */,
			);
			name = "Supporting Files";
			sourceTree = "<group>";
		};
		A9204198185C8C8F00EA1205 /* Headers */ = {
			isa = PBXGroup;
			children = (
				A9204199185C8C8F00EA1205 /* ESTBeacon.h */,
				A920419A185C8C8F00EA1205 /* ESTBeaconDefinitions.h */,
				A920419B185C8C8F00EA1205 /* ESTBeaconManager.h */,
				A920419C185C8C8F00EA1205 /* ESTBeaconRegion.h */,
				A920419D185C8C8F00EA1205 /* ESTBeaconUpdateInfo.h */,
			);
			name = Headers;
			path = EstimoteSDK/Headers;
			sourceTree = "<group>";
		};
/* End PBXGroup section */

/* Begin PBXNativeTarget section */
		55C0B040185C7B3A006D3214 /* GiftHunters */ = {
			isa = PBXNativeTarget;
			buildConfigurationList = 55C0B073185C7B3B006D3214 /* Build configuration list for PBXNativeTarget "GiftHunters" */;
			buildPhases = (
				55C0B03D185C7B3A006D3214 /* Sources */,
				55C0B03E185C7B3A006D3214 /* Frameworks */,
				55C0B03F185C7B3A006D3214 /* Resources */,
			);
			buildRules = (
			);
			dependencies = (
			);
			name = GiftHunters;
			productName = GiftHunters;
			productReference = 55C0B041185C7B3A006D3214 /* GiftHunters.app */;
			productType = "com.apple.product-type.application";
		};
		55C0B061185C7B3B006D3214 /* GiftHuntersTests */ = {
			isa = PBXNativeTarget;
			buildConfigurationList = 55C0B076185C7B3B006D3214 /* Build configuration list for PBXNativeTarget "GiftHuntersTests" */;
			buildPhases = (
				55C0B05E185C7B3B006D3214 /* Sources */,
				55C0B05F185C7B3B006D3214 /* Frameworks */,
				55C0B060185C7B3B006D3214 /* Resources */,
			);
			buildRules = (
			);
			dependencies = (
				55C0B068185C7B3B006D3214 /* PBXTargetDependency */,
			);
			name = GiftHuntersTests;
			productName = GiftHuntersTests;
			productReference = 55C0B062185C7B3B006D3214 /* GiftHuntersTests.xctest */;
			productType = "com.apple.product-type.bundle.unit-test";
		};
/* End PBXNativeTarget section */

/* Begin PBXProject section */
		55C0B039185C7B3A006D3214 /* Project object */ = {
			isa = PBXProject;
			attributes = {
				LastUpgradeCheck = 0500;
				ORGANIZATIONNAME = GiftHunters;
				TargetAttributes = {
					55C0B061185C7B3B006D3214 = {
						TestTargetID = 55C0B040185C7B3A006D3214;
					};
				};
			};
			buildConfigurationList = 55C0B03C185C7B3A006D3214 /* Build configuration list for PBXProject "GiftHunters" */;
			compatibilityVersion = "Xcode 3.2";
			developmentRegion = English;
			hasScannedForEncodings = 0;
			knownRegions = (
				en,
				Base,
			);
			mainGroup = 55C0B038185C7B3A006D3214;
			productRefGroup = 55C0B042185C7B3A006D3214 /* Products */;
			projectDirPath = "";
			projectRoot = "";
			targets = (
				55C0B040185C7B3A006D3214 /* GiftHunters */,
				55C0B061185C7B3B006D3214 /* GiftHuntersTests */,
			);
		};
/* End PBXProject section */

/* Begin PBXResourcesBuildPhase section */
		55C0B03F185C7B3A006D3214 /* Resources */ = {
			isa = PBXResourcesBuildPhase;
			buildActionMask = 2147483647;
			files = (
				55C0B05D185C7B3B006D3214 /* Images.xcassets in Resources */,
				55C0B04F185C7B3A006D3214 /* InfoPlist.strings in Resources */,
				55C0B081185C85AC006D3214 /* GiftView.xib in Resources */,
				55C0B058185C7B3A006D3214 /* Main.storyboard in Resources */,
			);
			runOnlyForDeploymentPostprocessing = 0;
		};
		55C0B060185C7B3B006D3214 /* Resources */ = {
			isa = PBXResourcesBuildPhase;
			buildActionMask = 2147483647;
			files = (
				55C0B06E185C7B3B006D3214 /* InfoPlist.strings in Resources */,
			);
			runOnlyForDeploymentPostprocessing = 0;
		};
/* End PBXResourcesBuildPhase section */

/* Begin PBXSourcesBuildPhase section */
		55C0B03D185C7B3A006D3214 /* Sources */ = {
			isa = PBXSourcesBuildPhase;
			buildActionMask = 2147483647;
			files = (
				55C0B05B185C7B3B006D3214 /* ViewController.m in Sources */,
				55C0B055185C7B3A006D3214 /* AppDelegate.m in Sources */,
				55C0B07F185C859C006D3214 /* GiftView.m in Sources */,
				55C0B051185C7B3A006D3214 /* main.m in Sources */,
			);
			runOnlyForDeploymentPostprocessing = 0;
		};
		55C0B05E185C7B3B006D3214 /* Sources */ = {
			isa = PBXSourcesBuildPhase;
			buildActionMask = 2147483647;
			files = (
				55C0B070185C7B3B006D3214 /* GiftHuntersTests.m in Sources */,
			);
			runOnlyForDeploymentPostprocessing = 0;
		};
/* End PBXSourcesBuildPhase section */

/* Begin PBXTargetDependency section */
		55C0B068185C7B3B006D3214 /* PBXTargetDependency */ = {
			isa = PBXTargetDependency;
			target = 55C0B040185C7B3A006D3214 /* GiftHunters */;
			targetProxy = 55C0B067185C7B3B006D3214 /* PBXContainerItemProxy */;
		};
/* End PBXTargetDependency section */

/* Begin PBXVariantGroup section */
		55C0B04D185C7B3A006D3214 /* InfoPlist.strings */ = {
			isa = PBXVariantGroup;
			children = (
				55C0B04E185C7B3A006D3214 /* en */,
			);
			name = InfoPlist.strings;
			sourceTree = "<group>";
		};
		55C0B056185C7B3A006D3214 /* Main.storyboard */ = {
			isa = PBXVariantGroup;
			children = (
				55C0B057185C7B3A006D3214 /* Base */,
			);
			name = Main.storyboard;
			sourceTree = "<group>";
		};
		55C0B06C185C7B3B006D3214 /* InfoPlist.strings */ = {
			isa = PBXVariantGroup;
			children = (
				55C0B06D185C7B3B006D3214 /* en */,
			);
			name = InfoPlist.strings;
			sourceTree = "<group>";
		};
/* End PBXVariantGroup section */

/* Begin XCBuildConfiguration section */
		55C0B071185C7B3B006D3214 /* Debug */ = {
			isa = XCBuildConfiguration;
			buildSettings = {
				ALWAYS_SEARCH_USER_PATHS = NO;
				ARCHS = "$(ARCHS_STANDARD_INCLUDING_64_BIT)";
				CLANG_CXX_LANGUAGE_STANDARD = "gnu++0x";
				CLANG_CXX_LIBRARY = "libc++";
				CLANG_ENABLE_MODULES = YES;
				CLANG_ENABLE_OBJC_ARC = YES;
				CLANG_WARN_BOOL_CONVERSION = YES;
				CLANG_WARN_CONSTANT_CONVERSION = YES;
				CLANG_WARN_DIRECT_OBJC_ISA_USAGE = YES_ERROR;
				CLANG_WARN_EMPTY_BODY = YES;
				CLANG_WARN_ENUM_CONVERSION = YES;
				CLANG_WARN_INT_CONVERSION = YES;
				CLANG_WARN_OBJC_ROOT_CLASS = YES_ERROR;
				CLANG_WARN__DUPLICATE_METHOD_MATCH = YES;
				"CODE_SIGN_IDENTITY[sdk=iphoneos*]" = "iPhone Developer";
				COPY_PHASE_STRIP = NO;
				GCC_C_LANGUAGE_STANDARD = gnu99;
				GCC_DYNAMIC_NO_PIC = NO;
				GCC_OPTIMIZATION_LEVEL = 0;
				GCC_PREPROCESSOR_DEFINITIONS = (
					"DEBUG=1",
					"$(inherited)",
				);
				GCC_SYMBOLS_PRIVATE_EXTERN = NO;
				GCC_WARN_64_TO_32_BIT_CONVERSION = YES;
				GCC_WARN_ABOUT_RETURN_TYPE = YES_ERROR;
				GCC_WARN_UNDECLARED_SELECTOR = YES;
				GCC_WARN_UNINITIALIZED_AUTOS = YES;
				GCC_WARN_UNUSED_FUNCTION = YES;
				GCC_WARN_UNUSED_VARIABLE = YES;
				IPHONEOS_DEPLOYMENT_TARGET = 7.0;
				ONLY_ACTIVE_ARCH = YES;
				SDKROOT = iphoneos;
			};
			name = Debug;
		};
		55C0B072185C7B3B006D3214 /* Release */ = {
			isa = XCBuildConfiguration;
			buildSettings = {
				ALWAYS_SEARCH_USER_PATHS = NO;
				ARCHS = "$(ARCHS_STANDARD_INCLUDING_64_BIT)";
				CLANG_CXX_LANGUAGE_STANDARD = "gnu++0x";
				CLANG_CXX_LIBRARY = "libc++";
				CLANG_ENABLE_MODULES = YES;
				CLANG_ENABLE_OBJC_ARC = YES;
				CLANG_WARN_BOOL_CONVERSION = YES;
				CLANG_WARN_CONSTANT_CONVERSION = YES;
				CLANG_WARN_DIRECT_OBJC_ISA_USAGE = YES_ERROR;
				CLANG_WARN_EMPTY_BODY = YES;
				CLANG_WARN_ENUM_CONVERSION = YES;
				CLANG_WARN_INT_CONVERSION = YES;
				CLANG_WARN_OBJC_ROOT_CLASS = YES_ERROR;
				CLANG_WARN__DUPLICATE_METHOD_MATCH = YES;
				"CODE_SIGN_IDENTITY[sdk=iphoneos*]" = "iPhone Developer";
				COPY_PHASE_STRIP = YES;
				ENABLE_NS_ASSERTIONS = NO;
				GCC_C_LANGUAGE_STANDARD = gnu99;
				GCC_WARN_64_TO_32_BIT_CONVERSION = YES;
				GCC_WARN_ABOUT_RETURN_TYPE = YES_ERROR;
				GCC_WARN_UNDECLARED_SELECTOR = YES;
				GCC_WARN_UNINITIALIZED_AUTOS = YES;
				GCC_WARN_UNUSED_FUNCTION = YES;
				GCC_WARN_UNUSED_VARIABLE = YES;
				IPHONEOS_DEPLOYMENT_TARGET = 7.0;
				SDKROOT = iphoneos;
				VALIDATE_PRODUCT = YES;
			};
			name = Release;
		};
		55C0B074185C7B3B006D3214 /* Debug */ = {
			isa = XCBuildConfiguration;
			buildSettings = {
				ASSETCATALOG_COMPILER_APPICON_NAME = AppIcon;
				ASSETCATALOG_COMPILER_LAUNCHIMAGE_NAME = LaunchImage;
				FRAMEWORK_SEARCH_PATHS = (
					"$(inherited)",
					/Users/lavoro/Documents/workspace/GiftHunters,
					"/Users/antonio/Documents/workspace/gift-hunters",
					"/Users/peppeuz/Documents/workspace/gift-hunters",
				);
				GCC_PRECOMPILE_PREFIX_HEADER = YES;
				GCC_PREFIX_HEADER = "GiftHunters/GiftHunters-Prefix.pch";
				HEADER_SEARCH_PATHS = (
					"$(inherited)",
					/Applications/Xcode.app/Contents/Developer/Toolchains/XcodeDefault.xctoolchain/usr/include,
					"$(SRCROOT)/../EstimoteSDK/Headers",
				);
				INFOPLIST_FILE = "GiftHunters/GiftHunters-Info.plist";
				LIBRARY_SEARCH_PATHS = (
					"$(inherited)",
					"/Users/peppeuz/Documents/workspace/gift-hunters/EstimoteSDK",
					/Users/lavoro/Documents/workspace/GiftHunters/EstimoteSDK,
					"/Users/antonio/Documents/workspace/gift-hunters/EstimoteSDK",
				);
				PRODUCT_NAME = "$(TARGET_NAME)";
				WRAPPER_EXTENSION = app;
			};
			name = Debug;
		};
		55C0B075185C7B3B006D3214 /* Release */ = {
			isa = XCBuildConfiguration;
			buildSettings = {
				ASSETCATALOG_COMPILER_APPICON_NAME = AppIcon;
				ASSETCATALOG_COMPILER_LAUNCHIMAGE_NAME = LaunchImage;
				FRAMEWORK_SEARCH_PATHS = (
					"$(inherited)",
					/Users/lavoro/Documents/workspace/GiftHunters,
					"/Users/antonio/Documents/workspace/gift-hunters",
					"/Users/peppeuz/Documents/workspace/gift-hunters",
				);
				GCC_PRECOMPILE_PREFIX_HEADER = YES;
				GCC_PREFIX_HEADER = "GiftHunters/GiftHunters-Prefix.pch";
				HEADER_SEARCH_PATHS = (
					"$(inherited)",
					/Applications/Xcode.app/Contents/Developer/Toolchains/XcodeDefault.xctoolchain/usr/include,
					"$(SRCROOT)/../EstimoteSDK/Headers",
				);
				INFOPLIST_FILE = "GiftHunters/GiftHunters-Info.plist";
				LIBRARY_SEARCH_PATHS = (
					"$(inherited)",
					"/Users/peppeuz/Documents/workspace/gift-hunters/EstimoteSDK",
					/Users/lavoro/Documents/workspace/GiftHunters/EstimoteSDK,
					"/Users/antonio/Documents/workspace/gift-hunters/EstimoteSDK",
				);
				PRODUCT_NAME = "$(TARGET_NAME)";
				WRAPPER_EXTENSION = app;
			};
			name = Release;
		};
		55C0B077185C7B3B006D3214 /* Debug */ = {
			isa = XCBuildConfiguration;
			buildSettings = {
				ARCHS = "$(ARCHS_STANDARD_INCLUDING_64_BIT)";
				BUNDLE_LOADER = "$(BUILT_PRODUCTS_DIR)/GiftHunters.app/GiftHunters";
				FRAMEWORK_SEARCH_PATHS = (
					"$(SDKROOT)/Developer/Library/Frameworks",
					"$(inherited)",
					"$(DEVELOPER_FRAMEWORKS_DIR)",
				);
				GCC_PRECOMPILE_PREFIX_HEADER = YES;
				GCC_PREFIX_HEADER = "GiftHunters/GiftHunters-Prefix.pch";
				GCC_PREPROCESSOR_DEFINITIONS = (
					"DEBUG=1",
					"$(inherited)",
				);
				INFOPLIST_FILE = "GiftHuntersTests/GiftHuntersTests-Info.plist";
				PRODUCT_NAME = "$(TARGET_NAME)";
				TEST_HOST = "$(BUNDLE_LOADER)";
				WRAPPER_EXTENSION = xctest;
			};
			name = Debug;
		};
		55C0B078185C7B3B006D3214 /* Release */ = {
			isa = XCBuildConfiguration;
			buildSettings = {
				ARCHS = "$(ARCHS_STANDARD_INCLUDING_64_BIT)";
				BUNDLE_LOADER = "$(BUILT_PRODUCTS_DIR)/GiftHunters.app/GiftHunters";
				FRAMEWORK_SEARCH_PATHS = (
					"$(SDKROOT)/Developer/Library/Frameworks",
					"$(inherited)",
					"$(DEVELOPER_FRAMEWORKS_DIR)",
				);
				GCC_PRECOMPILE_PREFIX_HEADER = YES;
				GCC_PREFIX_HEADER = "GiftHunters/GiftHunters-Prefix.pch";
				INFOPLIST_FILE = "GiftHuntersTests/GiftHuntersTests-Info.plist";
				PRODUCT_NAME = "$(TARGET_NAME)";
				TEST_HOST = "$(BUNDLE_LOADER)";
				WRAPPER_EXTENSION = xctest;
			};
			name = Release;
		};
/* End XCBuildConfiguration section */

/* Begin XCConfigurationList section */
		55C0B03C185C7B3A006D3214 /* Build configuration list for PBXProject "GiftHunters" */ = {
			isa = XCConfigurationList;
			buildConfigurations = (
				55C0B071185C7B3B006D3214 /* Debug */,
				55C0B072185C7B3B006D3214 /* Release */,
			);
			defaultConfigurationIsVisible = 0;
			defaultConfigurationName = Release;
		};
		55C0B073185C7B3B006D3214 /* Build configuration list for PBXNativeTarget "GiftHunters" */ = {
			isa = XCConfigurationList;
			buildConfigurations = (
				55C0B074185C7B3B006D3214 /* Debug */,
				55C0B075185C7B3B006D3214 /* Release */,
			);
			defaultConfigurationIsVisible = 0;
			defaultConfigurationName = Release;
		};
		55C0B076185C7B3B006D3214 /* Build configuration list for PBXNativeTarget "GiftHuntersTests" */ = {
			isa = XCConfigurationList;
			buildConfigurations = (
				55C0B077185C7B3B006D3214 /* Debug */,
				55C0B078185C7B3B006D3214 /* Release */,
			);
			defaultConfigurationIsVisible = 0;
			defaultConfigurationName = Release;
		};
/* End XCConfigurationList section */
	};
	rootObject = 55C0B039185C7B3A006D3214 /* Project object */;
}
